# THIS IS AN AUTOGENERATED FILE. DO NOT EDIT THIS FILE DIRECTLY.
# yarn lockfile v1


"@adraffy/ens-normalize@1.10.0":
  version "1.10.0"
  resolved "https://registry.yarnpkg.com/@adraffy/ens-normalize/-/ens-normalize-1.10.0.tgz#d2a39395c587e092d77cbbc80acf956a54f38bf7"
  integrity sha512-nA9XHtlAkYfJxY7bce8DcN7eKxWWCWkU+1GR9d+U6MbNpfwQp8TI7vqOsBsMcHoT4mBu2kypKoSKnghEzOOq5Q==

"@noble/curves@1.2.0":
  version "1.2.0"
  resolved "https://registry.yarnpkg.com/@noble/curves/-/curves-1.2.0.tgz#92d7e12e4e49b23105a2555c6984d41733d65c35"
  integrity sha512-oYclrNgRaM9SsBUBVbb8M6DTV7ZHRTKugureoYEncY5c65HOmRzvSiTE3y5CYaPYJA/GVkrhXEoF0M3Ya9PMnw==
  dependencies:
    "@noble/hashes" "1.3.2"

"@noble/hashes@1.3.2":
  version "1.3.2"
  resolved "https://registry.yarnpkg.com/@noble/hashes/-/hashes-1.3.2.tgz#6f26dbc8fbc7205873ce3cee2f690eba0d421b39"
  integrity sha512-MVC8EAQp7MvEcm30KWENFjgR+Mkmf+D189XJTkFIlwohU5hcBbn1ZkKq7KVTi2Hme3PMGF390DaL52beVrIihQ==

"@types/node@18.15.13":
  version "18.15.13"
  resolved "https://registry.yarnpkg.com/@types/node/-/node-18.15.13.tgz#f64277c341150c979e42b00e4ac289290c9df469"
  integrity sha512-N+0kuo9KgrUQ1Sn/ifDXsvg0TTleP7rIy4zOBGECxAljqvqfqpTfzx0Q1NUedOixRMBfe2Whhb056a42cWs26Q==

aes-js@4.0.0-beta.5:
  version "4.0.0-beta.5"
  resolved "https://registry.yarnpkg.com/aes-js/-/aes-js-4.0.0-beta.5.tgz#8d2452c52adedebc3a3e28465d858c11ca315873"
  integrity sha512-G965FqalsNyrPqgEGON7nIx1e/OVENSgiEIzyC63haUMuvNnwIgIjMs52hlTCKhkBny7A2ORNlfY9Zu+jmGk1Q==

ajax-caching@^0.1.0:
  version "0.1.2"
  resolved "https://registry.yarnpkg.com/ajax-caching/-/ajax-caching-0.1.2.tgz#fdc9abfde3671dd0074b645965b5e072865f596a"
  integrity sha512-sR4BataOHBqyhzfjhY6XlmaL6ifysUn1YwoN2PoToKwB0vGZ0G8opPMiBwQfIZ4MGc1YX4M3UlZzGnXcsIE88Q==
  dependencies:
    kv-idb "^1.1.0"

ajax-caching@^0.2.0:
  version "0.2.0"
  resolved "https://registry.yarnpkg.com/ajax-caching/-/ajax-caching-0.2.0.tgz#8efd67704d117b52634f1ccb86dbc88ca00570b3"
  integrity sha512-WUDWUS1V/I3qquf4fxZECiaAbtN7apPzfkpfyvE4nBIT6FInwYT8smrmDJOL/FqQAwGQOJh4gEseBg0xcOj7Qw==
  dependencies:
    kv-idb "^1.1.0"

ethers@^6.9.2:
  version "6.9.2"
  resolved "https://registry.yarnpkg.com/ethers/-/ethers-6.9.2.tgz#6f4632f62e2350fa8354ff28624027a175ef85a4"
  integrity sha512-YpkrtILnMQz5jSEsJQRTpduaGT/CXuLnUIuOYzHA0v/7c8IX91m2J48wSKjzGL5L9J/Us3tLoUdb+OwE3U+FFQ==
  dependencies:
    "@adraffy/ens-normalize" "1.10.0"
    "@noble/curves" "1.2.0"
    "@noble/hashes" "1.3.2"
    "@types/node" "18.15.13"
    aes-js "4.0.0-beta.5"
    tslib "2.4.0"
    ws "8.5.0"

fs-extra@^11.2.0:
  version "11.2.0"
  resolved "https://registry.yarnpkg.com/fs-extra/-/fs-extra-11.2.0.tgz#e70e17dfad64232287d01929399e0ea7c86b0e5b"
  integrity sha512-PmDi3uwK5nFuXh7XDTlVnS17xJS7vW36is2+w3xcv8SVxiB4NyATf4ctkVY5bkSjX0Y4nbvZCq1/EjtEyr9ktw==
  dependencies:
    graceful-fs "^4.2.0"
    jsonfile "^6.0.1"
    universalify "^2.0.0"

graceful-fs@^4.1.6, graceful-fs@^4.2.0:
  version "4.2.11"
  resolved "https://registry.yarnpkg.com/graceful-fs/-/graceful-fs-4.2.11.tgz#4183e4e8bf08bb6e05bbb2f7d2e0c8f712ca40e3"
  integrity sha512-RbJ5/jmFcNNCcDV5o9eTnBLJ/HszWV0P73bc+Ff4nS/rJj+YaS6IGyiOL0VoBYX+l1Wrl3k63h/KrH+nhJ0XvQ==

jsonfile@^6.0.1:
  version "6.1.0"
  resolved "https://registry.yarnpkg.com/jsonfile/-/jsonfile-6.1.0.tgz#bc55b2634793c679ec6403094eb13698a6ec0aae"
  integrity sha512-5dgndWOriYSm5cnYaJNhalLNDKOqFwyDB/rr1E9ZsGciGvKPs8R2xYGCacuf3z6K1YKDz182fd+fY3cn3pMqXQ==
  dependencies:
    universalify "^2.0.0"
  optionalDependencies:
    graceful-fs "^4.1.6"

kv-idb@^1.0.0, kv-idb@^1.1.0:
  version "1.1.0"
  resolved "https://registry.yarnpkg.com/kv-idb/-/kv-idb-1.1.0.tgz#5773dc7c7df39f4a6470fb708607babe04b02427"
  integrity sha512-H1qsvb/rZcJX573DGonc6l1hNG283JfnmBck83aiLmjI1nwaiudUinjzaWmwa8QZkjHsMUDkXm4D1k4ewjlo/g==

lodash@^4.17.15:
  version "4.17.21"
  resolved "https://registry.yarnpkg.com/lodash/-/lodash-4.17.21.tgz#679591c564c3bffaae8454cf0b3df370c3d6911c"
  integrity sha512-v2kDEe57lecTulaDIuNTPy3Ry4gLGJ6Z1O3vE1krgXZNrsQ+LFTGHVxVjcXPs17LhbZVGedAJv8XZ1tvj5FvSg==

resolve-github@^0.2.0:
  version "0.2.0"
  resolved "https://registry.yarnpkg.com/resolve-github/-/resolve-github-0.2.0.tgz#0fa94526a974f1948b57f2c7300f949c1195cb9e"
  integrity sha512-Ocaoo1zeCaNPduCzzPLtUvoUOmbzjyBs4Eq/jEzZkknzhuH53roeD8NUHg9ZjwDBpcuMiOqaoiskAnURKxopag==
  dependencies:
    solc-import "0.0.2"

resolve-http@^0.2.0:
  version "0.2.0"
  resolved "https://registry.yarnpkg.com/resolve-http/-/resolve-http-0.2.0.tgz#0493545d14e25d0834a5dc0d3c9f5d58538e203f"
  integrity sha512-XInHhoHbU4wwLXcrWB1ULPN/RzEzopenfePeykv9IssY1oF1evUDIBMODMJpYl3zxRZsqqOHsrA8lcb/4ZsvgQ==
  dependencies:
    solc-import "0.0.2"

resolve-ipfs@^0.1.0:
  version "0.1.0"
  resolved "https://registry.yarnpkg.com/resolve-ipfs/-/resolve-ipfs-0.1.0.tgz#5a32938e237c7234bd1ca1450d14786c4669b44b"
  integrity sha512-TLvn09WQ01AZTFoZK1aSidmdUnCxQfTuehEutF6w8kRoXw1hL3jlDw5djKJlIVADihXp2HWguZR4hZXAtLkFSw==

resolve-swarm@^0.1.0:
  version "0.1.0"
  resolved "https://registry.yarnpkg.com/resolve-swarm/-/resolve-swarm-0.1.0.tgz#1fa54a1b6ffab9b3bbfd9da6879220e0e9110d08"
  integrity sha512-fhI2FSkN6SLUJCWf7Svf3rW9AdSxS4KQCJzvAPSJZRmg1bPz+Ek/fRmNUkv5ihtrNiW8wury+XxQZoS+6LbHHg==

solc-import@0.0.2, solc-import@^0.0.2:
  version "0.0.2"
  resolved "https://registry.yarnpkg.com/solc-import/-/solc-import-0.0.2.tgz#67bcc8be970d999fc8d92e076d1069c8c732d681"
  integrity sha512-NQMUiz2c1xm62Q1VhgTGa2DUQWr6bIpPIJxDhg77YPfCyrq4GO/o1BP0brp9gTpNzjYODG9I2Wh8vB8eJxFjXA==

solc-js@^1.0.1:
  version "1.0.1"
  resolved "https://registry.yarnpkg.com/solc-js/-/solc-js-1.0.1.tgz#42f3c05e03b9ce01029fe5323a144af7aca2690e"
  integrity sha512-+DjNJLfbOteWSkGLiWUBPvhFa4iq6Eo/a7rrVNz/B79Oz0DiwMha6kPrfZbYcTQ0ZbZBlVGB2EXAipKFI4kJHw==
  dependencies:
    ajax-caching "^0.1.0"
    kv-idb "^1.0.0"
    resolve-github "^0.2.0"
    resolve-http "^0.2.0"
    resolve-ipfs "^0.1.0"
    resolve-swarm "^0.1.0"
    solc-import "^0.0.2"
    solc-resolver "^0.2.1"
    solc-version "^0.1.6"
    solcjs-core "^0.6.0"

solc-resolver@^0.2.1:
  version "0.2.3"
  resolved "https://registry.yarnpkg.com/solc-resolver/-/solc-resolver-0.2.3.tgz#081986955e3dce9617788b8af07c8087dedf3c5f"
  integrity sha512-nYji6nNFWauxzSDUNGWCcRJxy18MTDezYFpP2j+dFf0eDUY5G1e7XyJosyVIsddrUk8MCTBecZ8kFi5wS7cfZQ==
  dependencies:
    solc-import "^0.0.2"

solc-version@^0.1.6:
  version "0.1.6"
  resolved "https://registry.yarnpkg.com/solc-version/-/solc-version-0.1.6.tgz#45fb28fe823d5194e9946679274af8c305a621cc"
  integrity sha512-oGi7NQUQJf9xFQBIkUEm2NMOWhezgSEfyR8EOBv0okdgNkKZg8LUJIJ3G1czdwgUkAQPMpVRxqCE/JK4B+cCmw==
  dependencies:
    ajax-caching "^0.1.0"

solc-version@^0.2.0:
  version "0.2.2"
  resolved "https://registry.yarnpkg.com/solc-version/-/solc-version-0.2.2.tgz#ae78523073ab871b18aadf958f85877047de11a8"
  integrity sha512-CNdemSq0W0OcSD6B9OYkUmJaWuQOX5YMEYUJ5vkHFJwwCnFnmE/jAW08wLexaH/+XbMTsrV1IxcAnHnx3STHrQ==
  dependencies:
    ajax-caching "^0.2.0"
    lodash "^4.17.15"

solcjs-core@^0.6.0:
  version "0.6.0"
  resolved "https://registry.yarnpkg.com/solcjs-core/-/solcjs-core-0.6.0.tgz#12eab277b91d42870caa44a98d369b538f050bc3"
  integrity sha512-PSuiSMMFnjQSn2PMr/Ae4kYPum+NVneZDA5hiZrOhG59t4gDRPt0bSdRjdlVgWFmTQTqsd5aJ9u+P0x7L7lJDg==
  dependencies:
    ajax-caching "^0.2.0"
    solc-import "^0.0.2"
    solc-version "^0.2.0"

tslib@2.4.0:
  version "2.4.0"
  resolved "https://registry.yarnpkg.com/tslib/-/tslib-2.4.0.tgz#7cecaa7f073ce680a05847aa77be941098f36dc3"
  integrity sha512-d6xOpEDfsi2CZVlPQzGeux8XMwLT9hssAsaPYExaQMuYskwb+x1x7J371tWlbBdWHroy99KnVB6qIkUbs5X3UQ==

universalify@^2.0.0:
  version "2.0.1"
  resolved "https://registry.yarnpkg.com/universalify/-/universalify-2.0.1.tgz#168efc2180964e6386d061e094df61afe239b18d"
  integrity sha512-gptHNQghINnc/vTGIk0SOFGFNXw7JVrlRUtConJRlvaw6DuX0wO5Jeko9sWrMBhh+PsYAZ7oXAiOnf/UKogyiw==

ws@8.5.0:
  version "8.5.0"
  resolved "https://registry.yarnpkg.com/ws/-/ws-8.5.0.tgz#bfb4be96600757fe5382de12c670dab984a1ed4f"
  integrity sha512-BWX0SWVgLPzYwF8lTzEy1egjhS4S4OEAHfsO8o65WOVsrnSRGaSiUaa9e0ggGlkMTtBlmOpEXiie9RUcBO86qg==

yarn@^1.22.21:
  version "1.22.21"
  resolved "https://registry.yarnpkg.com/yarn/-/yarn-1.22.21.tgz#1959a18351b811cdeedbd484a8f86c3cc3bbaf72"
  integrity sha512-ynXaJsADJ9JiZ84zU25XkPGOvVMmZ5b7tmTSpKURYwgELdjucAOydqIOrOfTxVYcNXe91xvLZwcRh68SR3liCg==
